Microsoft Visual Studio Solution File, Format Version 9.00
# Visual Studio 2005
Project("{F184B08F-C81C-45F6-A57F-5ABD9991F28F}") = "PivotGridCustomization.Module", "PivotGridCustomization.Module\PivotGridCustomization.Module.vbproj", "{F5F753D5-6D37-46D0-84D5-1F56D9330E17}"
	ProjectSection(WebsiteProperties) = preProject
		Debug.AspNetCompiler.Debug = "True"
		Release.AspNetCompiler.Debug = "False"
	EndProjectSection
EndProject
Project("{F184B08F-C81C-45F6-A57F-5ABD9991F28F}") = "PivotGridCustomization.Module.Win", "PivotGridCustomization.Module.Win\PivotGridCustomization.Module.Win.vbproj", "{ED958CA1-F19C-4EFF-A04D-B25C149756E7}"
	ProjectSection(WebsiteProperties) = preProject
		Debug.AspNetCompiler.Debug = "True"
		Release.AspNetCompiler.Debug = "False"
	EndProjectSection
EndProject
Project("{F184B08F-C81C-45F6-A57F-5ABD9991F28F}") = "PivotGridCustomization.Win", "PivotGridCustomization.Win\PivotGridCustomization.Win.vbproj", "{383A1EBA-2355-465A-9510-73D0981F8B21}"
	ProjectSection(WebsiteProperties) = preProject
		Debug.AspNetCompiler.Debug = "True"
		Release.AspNetCompiler.Debug = "False"
	EndProjectSection
EndProject
Global
	GlobalSection(SolutionConfigurationPlatforms) = preSolution
		Debug|Any CPU = Debug|Any CPU
		EasyTest|Any CPU = EasyTest|Any CPU
		Release|Any CPU = Release|Any CPU
	EndGlobalSection
	GlobalSection(ProjectConfigurationPlatforms) = postSolution
		{F5F753D5-6D37-46D0-84D5-1F56D9330E17}.Debug|Any CPU.ActiveCfg = Debug|Any CPU
		{F5F753D5-6D37-46D0-84D5-1F56D9330E17}.Debug|Any CPU.Build.0 = Debug|Any CPU
		{F5F753D5-6D37-46D0-84D5-1F56D9330E17}.EasyTest|Any CPU.ActiveCfg = EasyTest|Any CPU
		{F5F753D5-6D37-46D0-84D5-1F56D9330E17}.EasyTest|Any CPU.Build.0 = EasyTest|Any CPU
		{F5F753D5-6D37-46D0-84D5-1F56D9330E17}.Release|Any CPU.ActiveCfg = Release|Any CPU
		{F5F753D5-6D37-46D0-84D5-1F56D9330E17}.Release|Any CPU.Build.0 = Release|Any CPU
		{ED958CA1-F19C-4EFF-A04D-B25C149756E7}.Debug|Any CPU.ActiveCfg = Debug|Any CPU
		{ED958CA1-F19C-4EFF-A04D-B25C149756E7}.Debug|Any CPU.Build.0 = Debug|Any CPU
		{ED958CA1-F19C-4EFF-A04D-B25C149756E7}.EasyTest|Any CPU.ActiveCfg = EasyTest|Any CPU
		{ED958CA1-F19C-4EFF-A04D-B25C149756E7}.EasyTest|Any CPU.Build.0 = EasyTest|Any CPU
		{ED958CA1-F19C-4EFF-A04D-B25C149756E7}.Release|Any CPU.ActiveCfg = Release|Any CPU
		{ED958CA1-F19C-4EFF-A04D-B25C149756E7}.Release|Any CPU.Build.0 = Release|Any CPU
		{383A1EBA-2355-465A-9510-73D0981F8B21}.Debug|Any CPU.ActiveCfg = Debug|Any CPU
		{383A1EBA-2355-465A-9510-73D0981F8B21}.Debug|Any CPU.Build.0 = Debug|Any CPU
		{383A1EBA-2355-465A-9510-73D0981F8B21}.EasyTest|Any CPU.ActiveCfg = EasyTest|Any CPU
		{383A1EBA-2355-465A-9510-73D0981F8B21}.EasyTest|Any CPU.Build.0 = EasyTest|Any CPU
		{383A1EBA-2355-465A-9510-73D0981F8B21}.Release|Any CPU.ActiveCfg = Release|Any CPU
		{383A1EBA-2355-465A-9510-73D0981F8B21}.Release|Any CPU.Build.0 = Release|Any CPU
	EndGlobalSection
	GlobalSection(SolutionProperties) = preSolution
		HideSolutionNode = FALSE
	EndGlobalSection
EndGlobal
